
Microsoft Visual Studio Solution File, Format Version 12.00
# Visual Studio 15
VisualStudioVersion = 15.0.28010.2026
MinimumVisualStudioVersion = 10.0.40219.1
Project("{FAE04EC0-301F-11D3-BF4B-00C04F79EFBC}") = "MyTools", "MyTools\MyTools.csproj", "{C5A06B9E-7BB2-43D1-99FE-39A129C6E8E1}"
EndProject
Project("{FAE04EC0-301F-11D3-BF4B-00C04F79EFBC}") = "MyTools Application", "MyTools Application\MyTools Application.csproj", "{7D113AF0-19A4-45BF-B988-D90C09CE91B3}"
EndProject
Project("{FAE04EC0-301F-11D3-BF4B-00C04F79EFBC}") = "Assignment2", "Assignment2\Assignment2.csproj", "{6A5B0686-19D5-4123-9719-08516642EB37}"
EndProject
Project("{FAE04EC0-301F-11D3-BF4B-00C04F79EFBC}") = "Assignment3", "Assignment3\Assignment3.csproj", "{84021CF4-336F-45BD-8EBA-2F779D114022}"
EndProject
Project("{FAE04EC0-301F-11D3-BF4B-00C04F79EFBC}") = "LingoGame", "LingoGame\LingoGame.csproj", "{D8B5B0F7-8414-40C8-97EC-8B72BB78A4F9}"
EndProject
Project("{FAE04EC0-301F-11D3-BF4B-00C04F79EFBC}") = "CandyCrushLogic", "CandyCrushLogic\CandyCrushLogic.csproj", "{E95DF62C-A450-4004-8DB3-1A506C8D2C69}"
EndProject
Global
	GlobalSection(SolutionConfigurationPlatforms) = preSolution
		Debug|Any CPU = Debug|Any CPU
		Release|Any CPU = Release|Any CPU
	EndGlobalSection
	GlobalSection(ProjectConfigurationPlatforms) = postSolution
		{C5A06B9E-7BB2-43D1-99FE-39A129C6E8E1}.Debug|Any CPU.ActiveCfg = Debug|Any CPU
		{C5A06B9E-7BB2-43D1-99FE-39A129C6E8E1}.Debug|Any CPU.Build.0 = Debug|Any CPU
		{C5A06B9E-7BB2-43D1-99FE-39A129C6E8E1}.Release|Any CPU.ActiveCfg = Release|Any CPU
		{C5A06B9E-7BB2-43D1-99FE-39A129C6E8E1}.Release|Any CPU.Build.0 = Release|Any CPU
		{7D113AF0-19A4-45BF-B988-D90C09CE91B3}.Debug|Any CPU.ActiveCfg = Debug|Any CPU
		{7D113AF0-19A4-45BF-B988-D90C09CE91B3}.Debug|Any CPU.Build.0 = Debug|Any CPU
		{7D113AF0-19A4-45BF-B988-D90C09CE91B3}.Release|Any CPU.ActiveCfg = Release|Any CPU
		{7D113AF0-19A4-45BF-B988-D90C09CE91B3}.Release|Any CPU.Build.0 = Release|Any CPU
		{6A5B0686-19D5-4123-9719-08516642EB37}.Debug|Any CPU.ActiveCfg = Debug|Any CPU
		{6A5B0686-19D5-4123-9719-08516642EB37}.Debug|Any CPU.Build.0 = Debug|Any CPU
		{6A5B0686-19D5-4123-9719-08516642EB37}.Release|Any CPU.ActiveCfg = Release|Any CPU
		{6A5B0686-19D5-4123-9719-08516642EB37}.Release|Any CPU.Build.0 = Release|Any CPU
		{84021CF4-336F-45BD-8EBA-2F779D114022}.Debug|Any CPU.ActiveCfg = Debug|Any CPU
		{84021CF4-336F-45BD-8EBA-2F779D114022}.Debug|Any CPU.Build.0 = Debug|Any CPU
		{84021CF4-336F-45BD-8EBA-2F779D114022}.Release|Any CPU.ActiveCfg = Release|Any CPU
		{84021CF4-336F-45BD-8EBA-2F779D114022}.Release|Any CPU.Build.0 = Release|Any CPU
		{D8B5B0F7-8414-40C8-97EC-8B72BB78A4F9}.Debug|Any CPU.ActiveCfg = Debug|Any CPU
		{D8B5B0F7-8414-40C8-97EC-8B72BB78A4F9}.Debug|Any CPU.Build.0 = Debug|Any CPU
		{D8B5B0F7-8414-40C8-97EC-8B72BB78A4F9}.Release|Any CPU.ActiveCfg = Release|Any CPU
		{D8B5B0F7-8414-40C8-97EC-8B72BB78A4F9}.Release|Any CPU.Build.0 = Release|Any CPU
		{E95DF62C-A450-4004-8DB3-1A506C8D2C69}.Debug|Any CPU.ActiveCfg = Debug|Any CPU
		{E95DF62C-A450-4004-8DB3-1A506C8D2C69}.Debug|Any CPU.Build.0 = Debug|Any CPU
		{E95DF62C-A450-4004-8DB3-1A506C8D2C69}.Release|Any CPU.ActiveCfg = Release|Any CPU
		{E95DF62C-A450-4004-8DB3-1A506C8D2C69}.Release|Any CPU.Build.0 = Release|Any CPU
	EndGlobalSection
	GlobalSection(SolutionProperties) = preSolution
		HideSolutionNode = FALSE
	EndGlobalSection
	GlobalSection(ExtensibilityGlobals) = postSolution
		SolutionGuid = {3D1464E5-AD81-45E4-8D72-583461EEF682}
	EndGlobalSection
EndGlobal
